Microsoft Visual Studio Solution File, Format Version 12.00
# Visual Studio Version 17
VisualStudioVersion = 17.5.2.0
MinimumVisualStudioVersion = 10.0.40219.1
Project("{FAE04EC0-301F-11D3-BF4B-00C04F79EFBC}") = "ChatFinancial", "ChatFinancial.csproj", "{CA8771FD-0339-FEC4-7C5F-2E040DE39BB1}"
EndProject
Global
	GlobalSection(SolutionConfigurationPlatforms) = preSolution
		Debug|Any CPU = Debug|Any CPU
		Release|Any CPU = Release|Any CPU
	EndGlobalSection
	GlobalSection(ProjectConfigurationPlatforms) = postSolution
		{CA8771FD-0339-FEC4-7C5F-2E040DE39BB1}.Debug|Any CPU.ActiveCfg = Debug|Any CPU
		{CA8771FD-0339-FEC4-7C5F-2E040DE39BB1}.Debug|Any CPU.Build.0 = Debug|Any CPU
		{CA8771FD-0339-FEC4-7C5F-2E040DE39BB1}.Release|Any CPU.ActiveCfg = Release|Any CPU
		{CA8771FD-0339-FEC4-7C5F-2E040DE39BB1}.Release|Any CPU.Build.0 = Release|Any CPU
	EndGlobalSection
	GlobalSection(SolutionProperties) = preSolution
		HideSolutionNode = FALSE
	EndGlobalSection
	GlobalSection(ExtensibilityGlobals) = postSolution
		SolutionGuid = {F10E1141-B617-49D1-A66A-7F9E863994BF}
	EndGlobalSection
EndGlobal
